// !$*UTF8*$!
{
	archiveVersion = 1;
	classes = {
	};
	objectVersion = 48;
	objects = {

/* Begin PBXBuildFile section */
		6E440012937EDD2B2EDDE55C /* Pods_FlowerJeonjuTrip.framework in Frameworks */ = {isa = PBXBuildFile; fileRef = EDA7B37BF8130069315A3DEB /* Pods_FlowerJeonjuTrip.framework */; };
		FED61E4D1FB96E42003169CD /* AppDelegate.swift in Sources */ = {isa = PBXBuildFile; fileRef = FED61E4C1FB96E42003169CD /* AppDelegate.swift */; };
		FED61E4F1FB96E42003169CD /* MainViewController.swift in Sources */ = {isa = PBXBuildFile; fileRef = FED61E4E1FB96E42003169CD /* MainViewController.swift */; };
		FED61E521FB96E42003169CD /* Main.storyboard in Resources */ = {isa = PBXBuildFile; fileRef = FED61E501FB96E42003169CD /* Main.storyboard */; };
		FED61E541FB96E42003169CD /* Assets.xcassets in Resources */ = {isa = PBXBuildFile; fileRef = FED61E531FB96E42003169CD /* Assets.xcassets */; };
		FED61E571FB96E42003169CD /* LaunchScreen.storyboard in Resources */ = {isa = PBXBuildFile; fileRef = FED61E551FB96E42003169CD /* LaunchScreen.storyboard */; };
		FED61E5F1FB981C0003169CD /* MainTableViewCell.swift in Sources */ = {isa = PBXBuildFile; fileRef = FED61E5E1FB981C0003169CD /* MainTableViewCell.swift */; };
		FED61E611FB99A67003169CD /* MainCollectionViewCell.swift in Sources */ = {isa = PBXBuildFile; fileRef = FED61E601FB99A67003169CD /* MainCollectionViewCell.swift */; };
		FED61E631FBA065A003169CD /* JSSecretKey.swift in Sources */ = {isa = PBXBuildFile; fileRef = FED61E621FBA065A003169CD /* JSSecretKey.swift */; };
		FED61E651FBA0D17003169CD /* DataCenter.swift in Sources */ = {isa = PBXBuildFile; fileRef = FED61E641FBA0D17003169CD /* DataCenter.swift */; };
		FED61E671FBA0DE8003169CD /* CultureDetailViewController.swift in Sources */ = {isa = PBXBuildFile; fileRef = FED61E661FBA0DE8003169CD /* CultureDetailViewController.swift */; };
		FED61E691FBC8CAC003169CD /* CultureDetailCollectionViewCell.swift in Sources */ = {isa = PBXBuildFile; fileRef = FED61E681FBC8CAC003169CD /* CultureDetailCollectionViewCell.swift */; };
/* End PBXBuildFile section */

/* Begin PBXFileReference section */
		B79D4DEAB0A2FFFF7E35F112 /* Pods-FlowerJeonjuTrip.release.xcconfig */ = {isa = PBXFileReference; includeInIndex = 1; lastKnownFileType = text.xcconfig; name = "Pods-FlowerJeonjuTrip.release.xcconfig"; path = "Pods/Target Support Files/Pods-FlowerJeonjuTrip/Pods-FlowerJeonjuTrip.release.xcconfig"; sourceTree = "<group>"; };
		BE82B4BB1E8E15D1FC021E4F /* Pods-FlowerJeonjuTrip.debug.xcconfig */ = {isa = PBXFileReference; includeInIndex = 1; lastKnownFileType = text.xcconfig; name = "Pods-FlowerJeonjuTrip.debug.xcconfig"; path = "Pods/Target Support Files/Pods-FlowerJeonjuTrip/Pods-FlowerJeonjuTrip.debug.xcconfig"; sourceTree = "<group>"; };
		EDA7B37BF8130069315A3DEB /* Pods_FlowerJeonjuTrip.framework */ = {isa = PBXFileReference; explicitFileType = wrapper.framework; includeInIndex = 0; path = Pods_FlowerJeonjuTrip.framework; sourceTree = BUILT_PRODUCTS_DIR; };
		FED61E491FB96E42003169CD /* FlowerJeonjuTrip.app */ = {isa = PBXFileReference; explicitFileType = wrapper.application; includeInIndex = 0; path = FlowerJeonjuTrip.app; sourceTree = BUILT_PRODUCTS_DIR; };
		FED61E4C1FB96E42003169CD /* AppDelegate.swift */ = {isa = PBXFileReference; lastKnownFileType = sourcecode.swift; path = AppDelegate.swift; sourceTree = "<group>"; };
		FED61E4E1FB96E42003169CD /* MainViewController.swift */ = {isa = PBXFileReference; lastKnownFileType = sourcecode.swift; path = MainViewController.swift; sourceTree = "<group>"; };
		FED61E511FB96E42003169CD /* Base */ = {isa = PBXFileReference; lastKnownFileType = file.storyboard; name = Base; path = Base.lproj/Main.storyboard; sourceTree = "<group>"; };
		FED61E531FB96E42003169CD /* Assets.xcassets */ = {isa = PBXFileReference; lastKnownFileType = folder.assetcatalog; path = Assets.xcassets; sourceTree = "<group>"; };
		FED61E561FB96E42003169CD /* Base */ = {isa = PBXFileReference; lastKnownFileType = file.storyboard; name = Base; path = Base.lproj/LaunchScreen.storyboard; sourceTree = "<group>"; };
		FED61E581FB96E42003169CD /* Info.plist */ = {isa = PBXFileReference; lastKnownFileType = text.plist.xml; path = Info.plist; sourceTree = "<group>"; };
		FED61E5E1FB981C0003169CD /* MainTableViewCell.swift */ = {isa = PBXFileReference; lastKnownFileType = sourcecode.swift; path = MainTableViewCell.swift; sourceTree = "<group>"; };
		FED61E601FB99A67003169CD /* MainCollectionViewCell.swift */ = {isa = PBXFileReference; lastKnownFileType = sourcecode.swift; path = MainCollectionViewCell.swift; sourceTree = "<group>"; };
		FED61E621FBA065A003169CD /* JSSecretKey.swift */ = {isa = PBXFileReference; lastKnownFileType = sourcecode.swift; path = JSSecretKey.swift; sourceTree = "<group>"; };
		FED61E641FBA0D17003169CD /* DataCenter.swift */ = {isa = PBXFileReference; lastKnownFileType = sourcecode.swift; path = DataCenter.swift; sourceTree = "<group>"; };
		FED61E661FBA0DE8003169CD /* CultureDetailViewController.swift */ = {isa = PBXFileReference; lastKnownFileType = sourcecode.swift; path = CultureDetailViewController.swift; sourceTree = "<group>"; };
		FED61E681FBC8CAC003169CD /* CultureDetailCollectionViewCell.swift */ = {isa = PBXFileReference; lastKnownFileType = sourcecode.swift; path = CultureDetailCollectionViewCell.swift; sourceTree = "<group>"; };
/* End PBXFileReference section */

/* Begin PBXFrameworksBuildPhase section */
		FED61E461FB96E42003169CD /* Frameworks */ = {
			isa = PBXFrameworksBuildPhase;
			buildActionMask = 2147483647;
			files = (
				6E440012937EDD2B2EDDE55C /* Pods_FlowerJeonjuTrip.framework in Frameworks */,
			);
			runOnlyForDeploymentPostprocessing = 0;
		};
/* End PBXFrameworksBuildPhase section */

/* Begin PBXGroup section */
		3AE4C3E969CE81955037315A /* Frameworks */ = {
			isa = PBXGroup;
			children = (
				EDA7B37BF8130069315A3DEB /* Pods_FlowerJeonjuTrip.framework */,
			);
			name = Frameworks;
			sourceTree = "<group>";
		};
		449E279A231287659BD76D6E /* Pods */ = {
			isa = PBXGroup;
			children = (
				BE82B4BB1E8E15D1FC021E4F /* Pods-FlowerJeonjuTrip.debug.xcconfig */,
				B79D4DEAB0A2FFFF7E35F112 /* Pods-FlowerJeonjuTrip.release.xcconfig */,
			);
			name = Pods;
			sourceTree = "<group>";
		};
		FED61E401FB96E42003169CD = {
			isa = PBXGroup;
			children = (
				FED61E4B1FB96E42003169CD /* FlowerJeonjuTrip */,
				FED61E4A1FB96E42003169CD /* Products */,
				449E279A231287659BD76D6E /* Pods */,
				3AE4C3E969CE81955037315A /* Frameworks */,
			);
			sourceTree = "<group>";
		};
		FED61E4A1FB96E42003169CD /* Products */ = {
			isa = PBXGroup;
			children = (
				FED61E491FB96E42003169CD /* FlowerJeonjuTrip.app */,
			);
			name = Products;
			sourceTree = "<group>";
		};
		FED61E4B1FB96E42003169CD /* FlowerJeonjuTrip */ = {
			isa = PBXGroup;
			children = (
				FED61E551FB96E42003169CD /* LaunchScreen.storyboard */,
				FED61E501FB96E42003169CD /* Main.storyboard */,
				FED61E531FB96E42003169CD /* Assets.xcassets */,
				FED61E621FBA065A003169CD /* JSSecretKey.swift */,
				FED61E641FBA0D17003169CD /* DataCenter.swift */,
				FED61E4C1FB96E42003169CD /* AppDelegate.swift */,
				FED61E4E1FB96E42003169CD /* MainViewController.swift */,
				FED61E5E1FB981C0003169CD /* MainTableViewCell.swift */,
				FED61E601FB99A67003169CD /* MainCollectionViewCell.swift */,
				FED61E661FBA0DE8003169CD /* CultureDetailViewController.swift */,
				FED61E681FBC8CAC003169CD /* CultureDetailCollectionViewCell.swift */,
				FED61E581FB96E42003169CD /* Info.plist */,
			);
			path = FlowerJeonjuTrip;
			sourceTree = "<group>";
		};
/* End PBXGroup section */

/* Begin PBXNativeTarget section */
		FED61E481FB96E42003169CD /* FlowerJeonjuTrip */ = {
			isa = PBXNativeTarget;
			buildConfigurationList = FED61E5B1FB96E42003169CD /* Build configuration list for PBXNativeTarget "FlowerJeonjuTrip" */;
			buildPhases = (
				CD61D9BE18569CC85BB56DAB /* [CP] Check Pods Manifest.lock */,
				FED61E451FB96E42003169CD /* Sources */,
				FED61E461FB96E42003169CD /* Frameworks */,
				FED61E471FB96E42003169CD /* Resources */,
				AA3ED6EB439890E5A65A4A60 /* [CP] Embed Pods Frameworks */,
				97AA0B12CD36C120023BBE7A /* [CP] Copy Pods Resources */,
			);
			buildRules = (
			);
			dependencies = (
			);
			name = FlowerJeonjuTrip;
			productName = FlowerJeonjuTrip;
			productReference = FED61E491FB96E42003169CD /* FlowerJeonjuTrip.app */;
			productType = "com.apple.product-type.application";
		};
/* End PBXNativeTarget section */

/* Begin PBXProject section */
		FED61E411FB96E42003169CD /* Project object */ = {
			isa = PBXProject;
			attributes = {
				LastSwiftUpdateCheck = 0910;
				LastUpgradeCheck = 0910;
				ORGANIZATIONNAME = leejaesung;
				TargetAttributes = {
					FED61E481FB96E42003169CD = {
						CreatedOnToolsVersion = 9.1;
						ProvisioningStyle = Automatic;
					};
				};
			};
			buildConfigurationList = FED61E441FB96E42003169CD /* Build configuration list for PBXProject "FlowerJeonjuTrip" */;
			compatibilityVersion = "Xcode 8.0";
			developmentRegion = en;
			hasScannedForEncodings = 0;
			knownRegions = (
				en,
				Base,
			);
			mainGroup = FED61E401FB96E42003169CD;
			productRefGroup = FED61E4A1FB96E42003169CD /* Products */;
			projectDirPath = "";
			projectRoot = "";
			targets = (
				FED61E481FB96E42003169CD /* FlowerJeonjuTrip */,
			);
		};
/* End PBXProject section */

/* Begin PBXResourcesBuildPhase section */
		FED61E471FB96E42003169CD /* Resources */ = {
			isa = PBXResourcesBuildPhase;
			buildActionMask = 2147483647;
			files = (
				FED61E571FB96E42003169CD /* LaunchScreen.storyboard in Resources */,
				FED61E541FB96E42003169CD /* Assets.xcassets in Resources */,
				FED61E521FB96E42003169CD /* Main.storyboard in Resources */,
			);
			runOnlyForDeploymentPostprocessing = 0;
		};
/* End PBXResourcesBuildPhase section */

/* Begin PBXShellScriptBuildPhase section */
		97AA0B12CD36C120023BBE7A /* [CP] Copy Pods Resources */ = {
			isa = PBXShellScriptBuildPhase;
			buildActionMask = 2147483647;
			files = (
			);
			inputPaths = (
			);
			name = "[CP] Copy Pods Resources";
			outputPaths = (
			);
			runOnlyForDeploymentPostprocessing = 0;
			shellPath = /bin/sh;
			shellScript = "\"${SRCROOT}/Pods/Target Support Files/Pods-FlowerJeonjuTrip/Pods-FlowerJeonjuTrip-resources.sh\"\n";
			showEnvVarsInLog = 0;
		};
		AA3ED6EB439890E5A65A4A60 /* [CP] Embed Pods Frameworks */ = {
			isa = PBXShellScriptBuildPhase;
			buildActionMask = 2147483647;
			files = (
			);
			inputPaths = (
				"${SRCROOT}/Pods/Target Support Files/Pods-FlowerJeonjuTrip/Pods-FlowerJeonjuTrip-frameworks.sh",
				"${BUILT_PRODUCTS_DIR}/ActiveLabel/ActiveLabel.framework",
				"${BUILT_PRODUCTS_DIR}/Alamofire/Alamofire.framework",
				"${BUILT_PRODUCTS_DIR}/Kingfisher/Kingfisher.framework",
				"${BUILT_PRODUCTS_DIR}/SWXMLHash/SWXMLHash.framework",
				"${BUILT_PRODUCTS_DIR}/SwiftyJSON/SwiftyJSON.framework",
				"${BUILT_PRODUCTS_DIR}/Toaster/Toaster.framework",
			);
			name = "[CP] Embed Pods Frameworks";
			outputPaths = (
				"${TARGET_BUILD_DIR}/${FRAMEWORKS_FOLDER_PATH}/ActiveLabel.framework",
				"${TARGET_BUILD_DIR}/${FRAMEWORKS_FOLDER_PATH}/Alamofire.framework",
				"${TARGET_BUILD_DIR}/${FRAMEWORKS_FOLDER_PATH}/Kingfisher.framework",
				"${TARGET_BUILD_DIR}/${FRAMEWORKS_FOLDER_PATH}/SWXMLHash.framework",
				"${TARGET_BUILD_DIR}/${FRAMEWORKS_FOLDER_PATH}/SwiftyJSON.framework",
				"${TARGET_BUILD_DIR}/${FRAMEWORKS_FOLDER_PATH}/Toaster.framework",
			);
			runOnlyForDeploymentPostprocessing = 0;
			shellPath = /bin/sh;
			shellScript = "\"${SRCROOT}/Pods/Target Support Files/Pods-FlowerJeonjuTrip/Pods-FlowerJeonjuTrip-frameworks.sh\"\n";
			showEnvVarsInLog = 0;
		};
		CD61D9BE18569CC85BB56DAB /* [CP] Check Pods Manifest.lock */ = {
			isa = PBXShellScriptBuildPhase;
			buildActionMask = 2147483647;
			files = (
			);
			inputPaths = (
				"${PODS_PODFILE_DIR_PATH}/Podfile.lock",
				"${PODS_ROOT}/Manifest.lock",
			);
			name = "[CP] Check Pods Manifest.lock";
			outputPaths = (
				"$(DERIVED_FILE_DIR)/Pods-FlowerJeonjuTrip-checkManifestLockResult.txt",
			);
			runOnlyForDeploymentPostprocessing = 0;
			shellPath = /bin/sh;
			shellScript = "diff \"${PODS_PODFILE_DIR_PATH}/Podfile.lock\" \"${PODS_ROOT}/Manifest.lock\" > /dev/null\nif [ $? != 0 ] ; then\n    # print error to STDERR\n    echo \"error: The sandbox is not in sync with the Podfile.lock. Run 'pod install' or update your CocoaPods installation.\" >&2\n    exit 1\nfi\n# This output is used by Xcode 'outputs' to avoid re-running this script phase.\necho \"SUCCESS\" > \"${SCRIPT_OUTPUT_FILE_0}\"\n";
			showEnvVarsInLog = 0;
		};
/* End PBXShellScriptBuildPhase section */

/* Begin PBXSourcesBuildPhase section */
		FED61E451FB96E42003169CD /* Sources */ = {
			isa = PBXSourcesBuildPhase;
			buildActionMask = 2147483647;
			files = (
				FED61E651FBA0D17003169CD /* DataCenter.swift in Sources */,
				FED61E4F1FB96E42003169CD /* MainViewController.swift in Sources */,
				FED61E671FBA0DE8003169CD /* CultureDetailViewController.swift in Sources */,
				FED61E5F1FB981C0003169CD /* MainTableViewCell.swift in Sources */,
				FED61E4D1FB96E42003169CD /* AppDelegate.swift in Sources */,
				FED61E631FBA065A003169CD /* JSSecretKey.swift in Sources */,
				FED61E691FBC8CAC003169CD /* CultureDetailCollectionViewCell.swift in Sources */,
				FED61E611FB99A67003169CD /* MainCollectionViewCell.swift in Sources */,
			);
			runOnlyForDeploymentPostprocessing = 0;
		};
/* End PBXSourcesBuildPhase section */

/* Begin PBXVariantGroup section */
		FED61E501FB96E42003169CD /* Main.storyboard */ = {
			isa = PBXVariantGroup;
			children = (
				FED61E511FB96E42003169CD /* Base */,
			);
			name = Main.storyboard;
			sourceTree = "<group>";
		};
		FED61E551FB96E42003169CD /* LaunchScreen.storyboard */ = {
			isa = PBXVariantGroup;
			children = (
				FED61E561FB96E42003169CD /* Base */,
			);
			name = LaunchScreen.storyboard;
			sourceTree = "<group>";
		};
/* End PBXVariantGroup section */

/* Begin XCBuildConfiguration section */
		FED61E591FB96E42003169CD /* Debug */ = {
			isa = XCBuildConfiguration;
			buildSettings = {
				ALWAYS_SEARCH_USER_PATHS = NO;
				CLANG_ANALYZER_NONNULL = YES;
				CLANG_ANALYZER_NUMBER_OBJECT_CONVERSION = YES_AGGRESSIVE;
				CLANG_CXX_LANGUAGE_STANDARD = "gnu++14";
				CLANG_CXX_LIBRARY = "libc++";
				CLANG_ENABLE_MODULES = YES;
				CLANG_ENABLE_OBJC_ARC = YES;
				CLANG_WARN_BLOCK_CAPTURE_AUTORELEASING = YES;
				CLANG_WARN_BOOL_CONVERSION = YES;
				CLANG_WARN_COMMA = YES;
				CLANG_WARN_CONSTANT_CONVERSION = YES;
				CLANG_WARN_DIRECT_OBJC_ISA_USAGE = YES_ERROR;
				CLANG_WARN_DOCUMENTATION_COMMENTS = YES;
				CLANG_WARN_EMPTY_BODY = YES;
				CLANG_WARN_ENUM_CONVERSION = YES;
				CLANG_WARN_INFINITE_RECURSION = YES;
				CLANG_WARN_INT_CONVERSION = YES;
				CLANG_WARN_NON_LITERAL_NULL_CONVERSION = YES;
				CLANG_WARN_OBJC_LITERAL_CONVERSION = YES;
				CLANG_WARN_OBJC_ROOT_CLASS = YES_ERROR;
				CLANG_WARN_RANGE_LOOP_ANALYSIS = YES;
				CLANG_WARN_STRICT_PROTOTYPES = YES;
				CLANG_WARN_SUSPICIOUS_MOVE = YES;
				CLANG_WARN_UNGUARDED_AVAILABILITY = YES_AGGRESSIVE;
				CLANG_WARN_UNREACHABLE_CODE = YES;
				CLANG_WARN__DUPLICATE_METHOD_MATCH = YES;
				CODE_SIGN_IDENTITY = "iPhone Developer";
				COPY_PHASE_STRIP = NO;
				DEBUG_INFORMATION_FORMAT = dwarf;
				ENABLE_STRICT_OBJC_MSGSEND = YES;
				ENABLE_TESTABILITY = YES;
				GCC_C_LANGUAGE_STANDARD = gnu11;
				GCC_DYNAMIC_NO_PIC = NO;
				GCC_NO_COMMON_BLOCKS = YES;
				GCC_OPTIMIZATION_LEVEL = 0;
				GCC_PREPROCESSOR_DEFINITIONS = (
					"DEBUG=1",
					"$(inherited)",
				);
				GCC_WARN_64_TO_32_BIT_CONVERSION = YES;
				GCC_WARN_ABOUT_RETURN_TYPE = YES_ERROR;
				GCC_WARN_UNDECLARED_SELECTOR = YES;
				GCC_WARN_UNINITIALIZED_AUTOS = YES_AGGRESSIVE;
				GCC_WARN_UNUSED_FUNCTION = YES;
				GCC_WARN_UNUSED_VARIABLE = YES;
				IPHONEOS_DEPLOYMENT_TARGET = 11.1;
				MTL_ENABLE_DEBUG_INFO = YES;
				ONLY_ACTIVE_ARCH = YES;
				SDKROOT = iphoneos;
				SWIFT_ACTIVE_COMPILATION_CONDITIONS = DEBUG;
				SWIFT_OPTIMIZATION_LEVEL = "-Onone";
			};
			name = Debug;
		};
		FED61E5A1FB96E42003169CD /* Release */ = {
			isa = XCBuildConfiguration;
			buildSettings = {
				ALWAYS_SEARCH_USER_PATHS = NO;
				CLANG_ANALYZER_NONNULL = YES;
				CLANG_ANALYZER_NUMBER_OBJECT_CONVERSION = YES_AGGRESSIVE;
				CLANG_CXX_LANGUAGE_STANDARD = "gnu++14";
				CLANG_CXX_LIBRARY = "libc++";
				CLANG_ENABLE_MODULES = YES;
				CLANG_ENABLE_OBJC_ARC = YES;
				CLANG_WARN_BLOCK_CAPTURE_AUTORELEASING = YES;
				CLANG_WARN_BOOL_CONVERSION = YES;
				CLANG_WARN_COMMA = YES;
				CLANG_WARN_CONSTANT_CONVERSION = YES;
				CLANG_WARN_DIRECT_OBJC_ISA_USAGE = YES_ERROR;
				CLANG_WARN_DOCUMENTATION_COMMENTS = YES;
				CLANG_WARN_EMPTY_BODY = YES;
				CLANG_WARN_ENUM_CONVERSION = YES;
				CLANG_WARN_INFINITE_RECURSION = YES;
				CLANG_WARN_INT_CONVERSION = YES;
				CLANG_WARN_NON_LITERAL_NULL_CONVERSION = YES;
				CLANG_WARN_OBJC_LITERAL_CONVERSION = YES;
				CLANG_WARN_OBJC_ROOT_CLASS = YES_ERROR;
				CLANG_WARN_RANGE_LOOP_ANALYSIS = YES;
				CLANG_WARN_STRICT_PROTOTYPES = YES;
				CLANG_WARN_SUSPICIOUS_MOVE = YES;
				CLANG_WARN_UNGUARDED_AVAILABILITY = YES_AGGRESSIVE;
				CLANG_WARN_UNREACHABLE_CODE = YES;
				CLANG_WARN__DUPLICATE_METHOD_MATCH = YES;
				CODE_SIGN_IDENTITY = "iPhone Developer";
				COPY_PHASE_STRIP = NO;
				DEBUG_INFORMATION_FORMAT = "dwarf-with-dsym";
				ENABLE_NS_ASSERTIONS = NO;
				ENABLE_STRICT_OBJC_MSGSEND = YES;
				GCC_C_LANGUAGE_STANDARD = gnu11;
				GCC_NO_COMMON_BLOCKS = YES;
				GCC_WARN_64_TO_32_BIT_CONVERSION = YES;
				GCC_WARN_ABOUT_RETURN_TYPE = YES_ERROR;
				GCC_WARN_UNDECLARED_SELECTOR = YES;
				GCC_WARN_UNINITIALIZED_AUTOS = YES_AGGRESSIVE;
				GCC_WARN_UNUSED_FUNCTION = YES;
				GCC_WARN_UNUSED_VARIABLE = YES;
				IPHONEOS_DEPLOYMENT_TARGET = 11.1;
				MTL_ENABLE_DEBUG_INFO = NO;
				SDKROOT = iphoneos;
				SWIFT_OPTIMIZATION_LEVEL = "-Owholemodule";
				VALIDATE_PRODUCT = YES;
			};
			name = Release;
		};
		FED61E5C1FB96E42003169CD /* Debug */ = {
			isa = XCBuildConfiguration;
			baseConfigurationReference = BE82B4BB1E8E15D1FC021E4F /* Pods-FlowerJeonjuTrip.debug.xcconfig */;
			buildSettings = {
				ASSETCATALOG_COMPILER_APPICON_NAME = AppIcon;
				CODE_SIGN_STYLE = Automatic;
				DEVELOPMENT_TEAM = 29Q45PKR77;
				INFOPLIST_FILE = FlowerJeonjuTrip/Info.plist;
				IPHONEOS_DEPLOYMENT_TARGET = 9.0;
				LD_RUNPATH_SEARCH_PATHS = "$(inherited) @executable_path/Frameworks";
				PRODUCT_BUNDLE_IDENTIFIER = blackturtle2.FlowerJeonjuTour;
				PRODUCT_NAME = "$(TARGET_NAME)";
				SWIFT_VERSION = 4.0;
				TARGETED_DEVICE_FAMILY = "1,2";
			};
			name = Debug;
		};
		FED61E5D1FB96E42003169CD /* Release */ = {
			isa = XCBuildConfiguration;
			baseConfigurationReference = B79D4DEAB0A2FFFF7E35F112 /* Pods-FlowerJeonjuTrip.release.xcconfig */;
			buildSettings = {
				ASSETCATALOG_COMPILER_APPICON_NAME = AppIcon;
				CODE_SIGN_STYLE = Automatic;
				DEVELOPMENT_TEAM = 29Q45PKR77;
				INFOPLIST_FILE = FlowerJeonjuTrip/Info.plist;
				IPHONEOS_DEPLOYMENT_TARGET = 9.0;
				LD_RUNPATH_SEARCH_PATHS = "$(inherited) @executable_path/Frameworks";
				PRODUCT_BUNDLE_IDENTIFIER = blackturtle2.FlowerJeonjuTour;
				PRODUCT_NAME = "$(TARGET_NAME)";
				SWIFT_VERSION = 4.0;
				TARGETED_DEVICE_FAMILY = "1,2";
			};
			name = Release;
		};
/* End XCBuildConfiguration section */

/* Begin XCConfigurationList section */
		FED61E441FB96E42003169CD /* Build configuration list for PBXProject "FlowerJeonjuTrip" */ = {
			isa = XCConfigurationList;
			buildConfigurations = (
				FED61E591FB96E42003169CD /* Debug */,
				FED61E5A1FB96E42003169CD /* Release */,
			);
			defaultConfigurationIsVisible = 0;
			defaultConfigurationName = Release;
		};
		FED61E5B1FB96E42003169CD /* Build configuration list for PBXNativeTarget "FlowerJeonjuTrip" */ = {
			isa = XCConfigurationList;
			buildConfigurations = (
				FED61E5C1FB96E42003169CD /* Debug */,
				FED61E5D1FB96E42003169CD /* Release */,
			);
			defaultConfigurationIsVisible = 0;
			defaultConfigurationName = Release;
		};
/* End XCConfigurationList section */
	};
	rootObject = FED61E411FB96E42003169CD /* Project object */;
}
